
Microsoft Visual Studio Solution File, Format Version 12.00
# Visual Studio Version 16
VisualStudioVersion = 16.0.30428.66
MinimumVisualStudioVersion = 10.0.40219.1
Project("{FAE04EC0-301F-11D3-BF4B-00C04F79EFBC}") = "MinimumOSPlatformAttributeExceptionSample", "MinimumOSPlatformAttributeExceptionSample\MinimumOSPlatformAttributeExceptionSample.csproj", "{C4822AC6-C4C9-44FB-BE67-6C49645D2E75}"
EndProject
Global
	GlobalSection(SolutionConfigurationPlatforms) = preSolution
		Debug|Any CPU = Debug|Any CPU
		Release|Any CPU = Release|Any CPU
	EndGlobalSection
	GlobalSection(ProjectConfigurationPlatforms) = postSolution
		{C4822AC6-C4C9-44FB-BE67-6C49645D2E75}.Debug|Any CPU.ActiveCfg = Debug|Any CPU
		{C4822AC6-C4C9-44FB-BE67-6C49645D2E75}.Debug|Any CPU.Build.0 = Debug|Any CPU
		{C4822AC6-C4C9-44FB-BE67-6C49645D2E75}.Release|Any CPU.ActiveCfg = Release|Any CPU
		{C4822AC6-C4C9-44FB-BE67-6C49645D2E75}.Release|Any CPU.Build.0 = Release|Any CPU
	EndGlobalSection
	GlobalSection(SolutionProperties) = preSolution
		HideSolutionNode = FALSE
	EndGlobalSection
	GlobalSection(ExtensibilityGlobals) = postSolution
		SolutionGuid = {0BB05E2D-4023-4D1E-8031-E02DEF61B8EA}
	EndGlobalSection
EndGlobal
